
Microsoft Visual Studio Solution File, Format Version 12.00
# Visual Studio Version 17
VisualStudioVersion = 17.6.33723.286
MinimumVisualStudioVersion = 10.0.40219.1
Project("{FAE04EC0-301F-11D3-BF4B-00C04F79EFBC}") = "CadAmc", "CadAmc\CadAmc.csproj", "{04DA4385-6764-4551-AB45-A45FA623E6BE}"
EndProject
Global
	GlobalSection(SolutionConfigurationPlatforms) = preSolution
		Debug|Any CPU = Debug|Any CPU
		Release|Any CPU = Release|Any CPU
	EndGlobalSection
	GlobalSection(ProjectConfigurationPlatforms) = postSolution
		{04DA4385-6764-4551-AB45-A45FA623E6BE}.Debug|Any CPU.ActiveCfg = Debug|Any CPU
		{04DA4385-6764-4551-AB45-A45FA623E6BE}.Debug|Any CPU.Build.0 = Debug|Any CPU
		{04DA4385-6764-4551-AB45-A45FA623E6BE}.Release|Any CPU.ActiveCfg = Release|Any CPU
		{04DA4385-6764-4551-AB45-A45FA623E6BE}.Release|Any CPU.Build.0 = Release|Any CPU
	EndGlobalSection
	GlobalSection(SolutionProperties) = preSolution
		HideSolutionNode = FALSE
	EndGlobalSection
	GlobalSection(ExtensibilityGlobals) = postSolution
		SolutionGuid = {90981B35-791C-43F0-BE84-01CFD378C486}
	EndGlobalSection
EndGlobal
